
Microsoft Visual Studio Solution File, Format Version 11.00
# Visual Studio 2010
Project("{FAE04EC0-301F-11D3-BF4B-00C04F79EFBC}") = "NntpClient", "NntpClient\NntpClient.csproj", "{2E0CDAE4-BE78-4EEC-9E31-81D633F74DE9}"
EndProject
Project("{FAE04EC0-301F-11D3-BF4B-00C04F79EFBC}") = "NntpClient.Testing", "NntpClient.Testing\NntpClient.Testing.csproj", "{81A66DAF-3C61-4F90-86F8-F4495B2FD5CA}"
EndProject
Project("{2150E333-8FDC-42A3-9474-1A3956D46DE8}") = "Solution Items", "Solution Items", "{61592A13-8B95-4990-A955-2DD0D49411B4}"
	ProjectSection(SolutionItems) = preProject
		README.txt = README.txt
	EndProjectSection
EndProject
Global
	GlobalSection(SolutionConfigurationPlatforms) = preSolution
		Debug|Any CPU = Debug|Any CPU
		Debug|Mixed Platforms = Debug|Mixed Platforms
		Debug|x86 = Debug|x86
		Release|Any CPU = Release|Any CPU
		Release|Mixed Platforms = Release|Mixed Platforms
		Release|x86 = Release|x86
	EndGlobalSection
	GlobalSection(ProjectConfigurationPlatforms) = postSolution
		{2E0CDAE4-BE78-4EEC-9E31-81D633F74DE9}.Debug|Any CPU.ActiveCfg = Debug|Any CPU
		{2E0CDAE4-BE78-4EEC-9E31-81D633F74DE9}.Debug|Any CPU.Build.0 = Debug|Any CPU
		{2E0CDAE4-BE78-4EEC-9E31-81D633F74DE9}.Debug|Mixed Platforms.ActiveCfg = Debug|Any CPU
		{2E0CDAE4-BE78-4EEC-9E31-81D633F74DE9}.Debug|Mixed Platforms.Build.0 = Debug|Any CPU
		{2E0CDAE4-BE78-4EEC-9E31-81D633F74DE9}.Debug|x86.ActiveCfg = Debug|Any CPU
		{2E0CDAE4-BE78-4EEC-9E31-81D633F74DE9}.Release|Any CPU.ActiveCfg = Release|Any CPU
		{2E0CDAE4-BE78-4EEC-9E31-81D633F74DE9}.Release|Any CPU.Build.0 = Release|Any CPU
		{2E0CDAE4-BE78-4EEC-9E31-81D633F74DE9}.Release|Mixed Platforms.ActiveCfg = Release|Any CPU
		{2E0CDAE4-BE78-4EEC-9E31-81D633F74DE9}.Release|Mixed Platforms.Build.0 = Release|Any CPU
		{2E0CDAE4-BE78-4EEC-9E31-81D633F74DE9}.Release|x86.ActiveCfg = Release|Any CPU
		{81A66DAF-3C61-4F90-86F8-F4495B2FD5CA}.Debug|Any CPU.ActiveCfg = Debug|x86
		{81A66DAF-3C61-4F90-86F8-F4495B2FD5CA}.Debug|Mixed Platforms.ActiveCfg = Debug|x86
		{81A66DAF-3C61-4F90-86F8-F4495B2FD5CA}.Debug|Mixed Platforms.Build.0 = Debug|x86
		{81A66DAF-3C61-4F90-86F8-F4495B2FD5CA}.Debug|x86.ActiveCfg = Debug|x86
		{81A66DAF-3C61-4F90-86F8-F4495B2FD5CA}.Debug|x86.Build.0 = Debug|x86
		{81A66DAF-3C61-4F90-86F8-F4495B2FD5CA}.Release|Any CPU.ActiveCfg = Release|x86
		{81A66DAF-3C61-4F90-86F8-F4495B2FD5CA}.Release|Mixed Platforms.ActiveCfg = Release|x86
		{81A66DAF-3C61-4F90-86F8-F4495B2FD5CA}.Release|Mixed Platforms.Build.0 = Release|x86
		{81A66DAF-3C61-4F90-86F8-F4495B2FD5CA}.Release|x86.ActiveCfg = Release|x86
		{81A66DAF-3C61-4F90-86F8-F4495B2FD5CA}.Release|x86.Build.0 = Release|x86
	EndGlobalSection
	GlobalSection(SolutionProperties) = preSolution
		HideSolutionNode = FALSE
	EndGlobalSection
EndGlobal
